// !$*UTF8*$!
{
	archiveVersion = 1;
	classes = {
	};
	objectVersion = 46;
	objects = {

/* Begin PBXBuildFile section */
		D2D473201776EB1000E061FB /* UIKit.framework in Frameworks */ = {isa = PBXBuildFile; fileRef = D2D4731F1776EB1000E061FB /* UIKit.framework */; };
		D2D473221776EB1000E061FB /* Foundation.framework in Frameworks */ = {isa = PBXBuildFile; fileRef = D2D473211776EB1000E061FB /* Foundation.framework */; };
		D2D473241776EB1000E061FB /* CoreGraphics.framework in Frameworks */ = {isa = PBXBuildFile; fileRef = D2D473231776EB1000E061FB /* CoreGraphics.framework */; };
		D2D4732A1776EB1000E061FB /* InfoPlist.strings in Resources */ = {isa = PBXBuildFile; fileRef = D2D473281776EB1000E061FB /* InfoPlist.strings */; };
		D2D4732C1776EB1000E061FB /* main.m in Sources */ = {isa = PBXBuildFile; fileRef = D2D4732B1776EB1000E061FB /* main.m */; };
		D2D473301776EB1000E061FB /* AppDelegate.m in Sources */ = {isa = PBXBuildFile; fileRef = D2D4732F1776EB1000E061FB /* AppDelegate.m */; };
		D2D473321776EB1000E061FB /* Default.png in Resources */ = {isa = PBXBuildFile; fileRef = D2D473311776EB1000E061FB /* Default.png */; };
		D2D473341776EB1000E061FB /* Default@2x.png in Resources */ = {isa = PBXBuildFile; fileRef = D2D473331776EB1000E061FB /* Default@2x.png */; };
		D2D473361776EB1100E061FB /* Default-568h@2x.png in Resources */ = {isa = PBXBuildFile; fileRef = D2D473351776EB1100E061FB /* Default-568h@2x.png */; };
		D2D473391776EB1100E061FB /* ViewController.m in Sources */ = {isa = PBXBuildFile; fileRef = D2D473381776EB1100E061FB /* ViewController.m */; };
		D2D4733C1776EB1100E061FB /* ViewController.xib in Resources */ = {isa = PBXBuildFile; fileRef = D2D4733A1776EB1100E061FB /* ViewController.xib */; };
		D2D473471776EBAC00E061FB /* option.plist in Resources */ = {isa = PBXBuildFile; fileRef = D2D473421776EBAB00E061FB /* option.plist */; };
		D2D473481776EBAC00E061FB /* UIDataTable.m in Sources */ = {isa = PBXBuildFile; fileRef = D2D473441776EBAC00E061FB /* UIDataTable.m */; };
		D2D4734F1777099200E061FB /* option.json in Resources */ = {isa = PBXBuildFile; fileRef = D2D4734D1777099100E061FB /* option.json */; };
		D2D473501777099200E061FB /* option.samples.json in Resources */ = {isa = PBXBuildFile; fileRef = D2D4734E1777099100E061FB /* option.samples.json */; };
/* End PBXBuildFile section */

/* Begin PBXFileReference section */
		D2D4731C1776EB1000E061FB /* DataTable.app */ = {isa = PBXFileReference; explicitFileType = wrapper.application; includeInIndex = 0; path = DataTable.app; sourceTree = BUILT_PRODUCTS_DIR; };
		D2D4731F1776EB1000E061FB /* UIKit.framework */ = {isa = PBXFileReference; lastKnownFileType = wrapper.framework; name = UIKit.framework; path = System/Library/Frameworks/UIKit.framework; sourceTree = SDKROOT; };
		D2D473211776EB1000E061FB /* Foundation.framework */ = {isa = PBXFileReference; lastKnownFileType = wrapper.framework; name = Foundation.framework; path = System/Library/Frameworks/Foundation.framework; sourceTree = SDKROOT; };
		D2D473231776EB1000E061FB /* CoreGraphics.framework */ = {isa = PBXFileReference; lastKnownFileType = wrapper.framework; name = CoreGraphics.framework; path = System/Library/Frameworks/CoreGraphics.framework; sourceTree = SDKROOT; };
		D2D473271776EB1000E061FB /* DataTable-Info.plist */ = {isa = PBXFileReference; lastKnownFileType = text.plist.xml; path = "DataTable-Info.plist"; sourceTree = "<group>"; };
		D2D473291776EB1000E061FB /* en */ = {isa = PBXFileReference; lastKnownFileType = text.plist.strings; name = en; path = en.lproj/InfoPlist.strings; sourceTree = "<group>"; };
		D2D4732B1776EB1000E061FB /* main.m */ = {isa = PBXFileReference; lastKnownFileType = sourcecode.c.objc; path = main.m; sourceTree = "<group>"; };
		D2D4732D1776EB1000E061FB /* DataTable-Prefix.pch */ = {isa = PBXFileReference; lastKnownFileType = sourcecode.c.h; path = "DataTable-Prefix.pch"; sourceTree = "<group>"; };
		D2D4732E1776EB1000E061FB /* AppDelegate.h */ = {isa = PBXFileReference; lastKnownFileType = sourcecode.c.h; path = AppDelegate.h; sourceTree = "<group>"; };
		D2D4732F1776EB1000E061FB /* AppDelegate.m */ = {isa = PBXFileReference; lastKnownFileType = sourcecode.c.objc; path = AppDelegate.m; sourceTree = "<group>"; };
		D2D473311776EB1000E061FB /* Default.png */ = {isa = PBXFileReference; lastKnownFileType = image.png; path = Default.png; sourceTree = "<group>"; };
		D2D473331776EB1000E061FB /* Default@2x.png */ = {isa = PBXFileReference; lastKnownFileType = image.png; path = "Default@2x.png"; sourceTree = "<group>"; };
		D2D473351776EB1100E061FB /* Default-568h@2x.png */ = {isa = PBXFileReference; lastKnownFileType = image.png; path = "Default-568h@2x.png"; sourceTree = "<group>"; };
		D2D473371776EB1100E061FB /* ViewController.h */ = {isa = PBXFileReference; lastKnownFileType = sourcecode.c.h; path = ViewController.h; sourceTree = "<group>"; };
		D2D473381776EB1100E061FB /* ViewController.m */ = {isa = PBXFileReference; lastKnownFileType = sourcecode.c.objc; path = ViewController.m; sourceTree = "<group>"; };
		D2D4733B1776EB1100E061FB /* en */ = {isa = PBXFileReference; lastKnownFileType = file.xib; name = en; path = en.lproj/ViewController.xib; sourceTree = "<group>"; };
		D2D473421776EBAB00E061FB /* option.plist */ = {isa = PBXFileReference; fileEncoding = 4; lastKnownFileType = text.plist.xml; path = option.plist; sourceTree = "<group>"; };
		D2D473431776EBAC00E061FB /* UIDataTable.h */ = {isa = PBXFileReference; fileEncoding = 4; lastKnownFileType = sourcecode.c.h; path = UIDataTable.h; sourceTree = "<group>"; };
		D2D473441776EBAC00E061FB /* UIDataTable.m */ = {isa = PBXFileReference; fileEncoding = 4; lastKnownFileType = sourcecode.c.objc; path = UIDataTable.m; sourceTree = "<group>"; };
		D2D4734D1777099100E061FB /* option.json */ = {isa = PBXFileReference; fileEncoding = 4; lastKnownFileType = text.json; path = option.json; sourceTree = "<group>"; };
		D2D4734E1777099100E061FB /* option.samples.json */ = {isa = PBXFileReference; fileEncoding = 4; lastKnownFileType = text.json; path = option.samples.json; sourceTree = "<group>"; };
/* End PBXFileReference section */

/* Begin PBXFrameworksBuildPhase section */
		D2D473191776EB1000E061FB /* Frameworks */ = {
			isa = PBXFrameworksBuildPhase;
			buildActionMask = 2147483647;
			files = (
				D2D473201776EB1000E061FB /* UIKit.framework in Frameworks */,
				D2D473221776EB1000E061FB /* Foundation.framework in Frameworks */,
				D2D473241776EB1000E061FB /* CoreGraphics.framework in Frameworks */,
			);
			runOnlyForDeploymentPostprocessing = 0;
		};
/* End PBXFrameworksBuildPhase section */

/* Begin PBXGroup section */
		D2D473131776EB1000E061FB = {
			isa = PBXGroup;
			children = (
				D2D473251776EB1000E061FB /* DataTable */,
				D2D4731E1776EB1000E061FB /* Frameworks */,
				D2D4731D1776EB1000E061FB /* Products */,
			);
			sourceTree = "<group>";
		};
		D2D4731D1776EB1000E061FB /* Products */ = {
			isa = PBXGroup;
			children = (
				D2D4731C1776EB1000E061FB /* DataTable.app */,
			);
			name = Products;
			sourceTree = "<group>";
		};
		D2D4731E1776EB1000E061FB /* Frameworks */ = {
			isa = PBXGroup;
			children = (
				D2D4731F1776EB1000E061FB /* UIKit.framework */,
				D2D473211776EB1000E061FB /* Foundation.framework */,
				D2D473231776EB1000E061FB /* CoreGraphics.framework */,
			);
			name = Frameworks;
			sourceTree = "<group>";
		};
		D2D473251776EB1000E061FB /* DataTable */ = {
			isa = PBXGroup;
			children = (
				D2D4734D1777099100E061FB /* option.json */,
				D2D4734E1777099100E061FB /* option.samples.json */,
				D2D473421776EBAB00E061FB /* option.plist */,
				D2D473431776EBAC00E061FB /* UIDataTable.h */,
				D2D473441776EBAC00E061FB /* UIDataTable.m */,
				D2D4732E1776EB1000E061FB /* AppDelegate.h */,
				D2D4732F1776EB1000E061FB /* AppDelegate.m */,
				D2D473371776EB1100E061FB /* ViewController.h */,
				D2D473381776EB1100E061FB /* ViewController.m */,
				D2D4733A1776EB1100E061FB /* ViewController.xib */,
				D2D473261776EB1000E061FB /* Supporting Files */,
			);
			path = DataTable;
			sourceTree = "<group>";
		};
		D2D473261776EB1000E061FB /* Supporting Files */ = {
			isa = PBXGroup;
			children = (
				D2D473271776EB1000E061FB /* DataTable-Info.plist */,
				D2D473281776EB1000E061FB /* InfoPlist.strings */,
				D2D4732B1776EB1000E061FB /* main.m */,
				D2D4732D1776EB1000E061FB /* DataTable-Prefix.pch */,
				D2D473311776EB1000E061FB /* Default.png */,
				D2D473331776EB1000E061FB /* Default@2x.png */,
				D2D473351776EB1100E061FB /* Default-568h@2x.png */,
			);
			name = "Supporting Files";
			sourceTree = "<group>";
		};
/* End PBXGroup section */

/* Begin PBXNativeTarget section */
		D2D4731B1776EB1000E061FB /* DataTable */ = {
			isa = PBXNativeTarget;
			buildConfigurationList = D2D4733F1776EB1100E061FB /* Build configuration list for PBXNativeTarget "DataTable" */;
			buildPhases = (
				D2D473181776EB1000E061FB /* Sources */,
				D2D473191776EB1000E061FB /* Frameworks */,
				D2D4731A1776EB1000E061FB /* Resources */,
			);
			buildRules = (
			);
			dependencies = (
			);
			name = DataTable;
			productName = DataTable;
			productReference = D2D4731C1776EB1000E061FB /* DataTable.app */;
			productType = "com.apple.product-type.application";
		};
/* End PBXNativeTarget section */

/* Begin PBXProject section */
		D2D473141776EB1000E061FB /* Project object */ = {
			isa = PBXProject;
			attributes = {
				LastUpgradeCheck = 0460;
				ORGANIZATIONNAME = conis;
			};
			buildConfigurationList = D2D473171776EB1000E061FB /* Build configuration list for PBXProject "DataTable" */;
			compatibilityVersion = "Xcode 3.2";
			developmentRegion = English;
			hasScannedForEncodings = 0;
			knownRegions = (
				en,
			);
			mainGroup = D2D473131776EB1000E061FB;
			productRefGroup = D2D4731D1776EB1000E061FB /* Products */;
			projectDirPath = "";
			projectRoot = "";
			targets = (
				D2D4731B1776EB1000E061FB /* DataTable */,
			);
		};
/* End PBXProject section */

/* Begin PBXResourcesBuildPhase section */
		D2D4731A1776EB1000E061FB /* Resources */ = {
			isa = PBXResourcesBuildPhase;
			buildActionMask = 2147483647;
			files = (
				D2D4732A1776EB1000E061FB /* InfoPlist.strings in Resources */,
				D2D473321776EB1000E061FB /* Default.png in Resources */,
				D2D473341776EB1000E061FB /* Default@2x.png in Resources */,
				D2D473361776EB1100E061FB /* Default-568h@2x.png in Resources */,
				D2D4733C1776EB1100E061FB /* ViewController.xib in Resources */,
				D2D473471776EBAC00E061FB /* option.plist in Resources */,
				D2D4734F1777099200E061FB /* option.json in Resources */,
				D2D473501777099200E061FB /* option.samples.json in Resources */,
			);
			runOnlyForDeploymentPostprocessing = 0;
		};
/* End PBXResourcesBuildPhase section */

/* Begin PBXSourcesBuildPhase section */
		D2D473181776EB1000E061FB /* Sources */ = {
			isa = PBXSourcesBuildPhase;
			buildActionMask = 2147483647;
			files = (
				D2D4732C1776EB1000E061FB /* main.m in Sources */,
				D2D473301776EB1000E061FB /* AppDelegate.m in Sources */,
				D2D473391776EB1100E061FB /* ViewController.m in Sources */,
				D2D473481776EBAC00E061FB /* UIDataTable.m in Sources */,
			);
			runOnlyForDeploymentPostprocessing = 0;
		};
/* End PBXSourcesBuildPhase section */

/* Begin PBXVariantGroup section */
		D2D473281776EB1000E061FB /* InfoPlist.strings */ = {
			isa = PBXVariantGroup;
			children = (
				D2D473291776EB1000E061FB /* en */,
			);
			name = InfoPlist.strings;
			sourceTree = "<group>";
		};
		D2D4733A1776EB1100E061FB /* ViewController.xib */ = {
			isa = PBXVariantGroup;
			children = (
				D2D4733B1776EB1100E061FB /* en */,
			);
			name = ViewController.xib;
			sourceTree = "<group>";
		};
/* End PBXVariantGroup section */

/* Begin XCBuildConfiguration section */
		D2D4733D1776EB1100E061FB /* Debug */ = {
			isa = XCBuildConfiguration;
			buildSettings = {
				ALWAYS_SEARCH_USER_PATHS = NO;
				CLANG_CXX_LANGUAGE_STANDARD = "gnu++0x";
				CLANG_CXX_LIBRARY = "libc++";
				CLANG_WARN_CONSTANT_CONVERSION = YES;
				CLANG_WARN_EMPTY_BODY = YES;
				CLANG_WARN_ENUM_CONVERSION = YES;
				CLANG_WARN_INT_CONVERSION = YES;
				CLANG_WARN__DUPLICATE_METHOD_MATCH = YES;
				"CODE_SIGN_IDENTITY[sdk=iphoneos*]" = "iPhone Developer";
				COPY_PHASE_STRIP = NO;
				GCC_C_LANGUAGE_STANDARD = gnu99;
				GCC_DYNAMIC_NO_PIC = NO;
				GCC_OPTIMIZATION_LEVEL = 0;
				GCC_PREPROCESSOR_DEFINITIONS = (
					"DEBUG=1",
					"$(inherited)",
				);
				GCC_SYMBOLS_PRIVATE_EXTERN = NO;
				GCC_WARN_ABOUT_RETURN_TYPE = YES;
				GCC_WARN_UNINITIALIZED_AUTOS = YES;
				GCC_WARN_UNUSED_VARIABLE = YES;
				IPHONEOS_DEPLOYMENT_TARGET = 6.1;
				ONLY_ACTIVE_ARCH = YES;
				SDKROOT = iphoneos;
			};
			name = Debug;
		};
		D2D4733E1776EB1100E061FB /* Release */ = {
			isa = XCBuildConfiguration;
			buildSettings = {
				ALWAYS_SEARCH_USER_PATHS = NO;
				CLANG_CXX_LANGUAGE_STANDARD = "gnu++0x";
				CLANG_CXX_LIBRARY = "libc++";
				CLANG_WARN_CONSTANT_CONVERSION = YES;
				CLANG_WARN_EMPTY_BODY = YES;
				CLANG_WARN_ENUM_CONVERSION = YES;
				CLANG_WARN_INT_CONVERSION = YES;
				CLANG_WARN__DUPLICATE_METHOD_MATCH = YES;
				"CODE_SIGN_IDENTITY[sdk=iphoneos*]" = "iPhone Developer";
				COPY_PHASE_STRIP = YES;
				GCC_C_LANGUAGE_STANDARD = gnu99;
				GCC_WARN_ABOUT_RETURN_TYPE = YES;
				GCC_WARN_UNINITIALIZED_AUTOS = YES;
				GCC_WARN_UNUSED_VARIABLE = YES;
				IPHONEOS_DEPLOYMENT_TARGET = 6.1;
				OTHER_CFLAGS = "-DNS_BLOCK_ASSERTIONS=1";
				SDKROOT = iphoneos;
				VALIDATE_PRODUCT = YES;
			};
			name = Release;
		};
		D2D473401776EB1100E061FB /* Debug */ = {
			isa = XCBuildConfiguration;
			buildSettings = {
				GCC_PRECOMPILE_PREFIX_HEADER = YES;
				GCC_PREFIX_HEADER = "DataTable/DataTable-Prefix.pch";
				INFOPLIST_FILE = "DataTable/DataTable-Info.plist";
				PRODUCT_NAME = "$(TARGET_NAME)";
				WRAPPER_EXTENSION = app;
			};
			name = Debug;
		};
		D2D473411776EB1100E061FB /* Release */ = {
			isa = XCBuildConfiguration;
			buildSettings = {
				GCC_PRECOMPILE_PREFIX_HEADER = YES;
				GCC_PREFIX_HEADER = "DataTable/DataTable-Prefix.pch";
				INFOPLIST_FILE = "DataTable/DataTable-Info.plist";
				PRODUCT_NAME = "$(TARGET_NAME)";
				WRAPPER_EXTENSION = app;
			};
			name = Release;
		};
/* End XCBuildConfiguration section */

/* Begin XCConfigurationList section */
		D2D473171776EB1000E061FB /* Build configuration list for PBXProject "DataTable" */ = {
			isa = XCConfigurationList;
			buildConfigurations = (
				D2D4733D1776EB1100E061FB /* Debug */,
				D2D4733E1776EB1100E061FB /* Release */,
			);
			defaultConfigurationIsVisible = 0;
			defaultConfigurationName = Release;
		};
		D2D4733F1776EB1100E061FB /* Build configuration list for PBXNativeTarget "DataTable" */ = {
			isa = XCConfigurationList;
			buildConfigurations = (
				D2D473401776EB1100E061FB /* Debug */,
				D2D473411776EB1100E061FB /* Release */,
			);
			defaultConfigurationIsVisible = 0;
		};
/* End XCConfigurationList section */
	};
	rootObject = D2D473141776EB1000E061FB /* Project object */;
}
